
Microsoft Visual Studio Solution File, Format Version 12.00
# Visual Studio Version 17
VisualStudioVersion = 17.0.31903.59
MinimumVisualStudioVersion = 10.0.40219.1
Project("{2150E333-8FDC-42A3-9474-1A3956D46DE8}") = "src", "src", "{827E0CD3-B72D-47B6-A68D-7590B98EB39B}"
EndProject
Project("{FAE04EC0-301F-11D3-BF4B-00C04F79EFBC}") = "MasterPassport.Domain", "src\MasterPassport.Domain\MasterPassport.Domain.csproj", "{8D0B2414-6234-4FD1-BAE2-8C56D5361716}"
EndProject
Project("{FAE04EC0-301F-11D3-BF4B-00C04F79EFBC}") = "MasterPassport.Application", "src\MasterPassport.Application\MasterPassport.Application.csproj", "{808DB716-7D29-4D4B-9172-BA2AB405B235}"
EndProject
Project("{FAE04EC0-301F-11D3-BF4B-00C04F79EFBC}") = "MasterPassport.Infrastructure", "src\MasterPassport.Infrastructure\MasterPassport.Infrastructure.csproj", "{A85F52A0-C2B1-4FA1-9035-BD4B36ADAF19}"
EndProject
Project("{FAE04EC0-301F-11D3-BF4B-00C04F79EFBC}") = "MasterPassport.WebAPI", "src\MasterPassport.WebAPI\MasterPassport.WebAPI.csproj", "{2C53F672-76A3-4E44-81A7-574ACA86DA95}"
EndProject
Project("{FAE04EC0-301F-11D3-BF4B-00C04F79EFBC}") = "MasterPassport.WebMVC", "src\MasterPassport.WebMVC\MasterPassport.WebMVC.csproj", "{EF259E47-D429-4766-A1F5-A70E171705E0}"
EndProject
Global
	GlobalSection(SolutionConfigurationPlatforms) = preSolution
		Debug|Any CPU = Debug|Any CPU
		Debug|x64 = Debug|x64
		Debug|x86 = Debug|x86
		Release|Any CPU = Release|Any CPU
		Release|x64 = Release|x64
		Release|x86 = Release|x86
	EndGlobalSection
	GlobalSection(ProjectConfigurationPlatforms) = postSolution
		{8D0B2414-6234-4FD1-BAE2-8C56D5361716}.Debug|Any CPU.ActiveCfg = Debug|Any CPU
		{8D0B2414-6234-4FD1-BAE2-8C56D5361716}.Debug|Any CPU.Build.0 = Debug|Any CPU
		{8D0B2414-6234-4FD1-BAE2-8C56D5361716}.Debug|x64.ActiveCfg = Debug|Any CPU
		{8D0B2414-6234-4FD1-BAE2-8C56D5361716}.Debug|x64.Build.0 = Debug|Any CPU
		{8D0B2414-6234-4FD1-BAE2-8C56D5361716}.Debug|x86.ActiveCfg = Debug|Any CPU
		{8D0B2414-6234-4FD1-BAE2-8C56D5361716}.Debug|x86.Build.0 = Debug|Any CPU
		{8D0B2414-6234-4FD1-BAE2-8C56D5361716}.Release|Any CPU.ActiveCfg = Release|Any CPU
		{8D0B2414-6234-4FD1-BAE2-8C56D5361716}.Release|Any CPU.Build.0 = Release|Any CPU
		{8D0B2414-6234-4FD1-BAE2-8C56D5361716}.Release|x64.ActiveCfg = Release|Any CPU
		{8D0B2414-6234-4FD1-BAE2-8C56D5361716}.Release|x64.Build.0 = Release|Any CPU
		{8D0B2414-6234-4FD1-BAE2-8C56D5361716}.Release|x86.ActiveCfg = Release|Any CPU
		{8D0B2414-6234-4FD1-BAE2-8C56D5361716}.Release|x86.Build.0 = Release|Any CPU
		{808DB716-7D29-4D4B-9172-BA2AB405B235}.Debug|Any CPU.ActiveCfg = Debug|Any CPU
		{808DB716-7D29-4D4B-9172-BA2AB405B235}.Debug|Any CPU.Build.0 = Debug|Any CPU
		{808DB716-7D29-4D4B-9172-BA2AB405B235}.Debug|x64.ActiveCfg = Debug|Any CPU
		{808DB716-7D29-4D4B-9172-BA2AB405B235}.Debug|x64.Build.0 = Debug|Any CPU
		{808DB716-7D29-4D4B-9172-BA2AB405B235}.Debug|x86.ActiveCfg = Debug|Any CPU
		{808DB716-7D29-4D4B-9172-BA2AB405B235}.Debug|x86.Build.0 = Debug|Any CPU
		{808DB716-7D29-4D4B-9172-BA2AB405B235}.Release|Any CPU.ActiveCfg = Release|Any CPU
		{808DB716-7D29-4D4B-9172-BA2AB405B235}.Release|Any CPU.Build.0 = Release|Any CPU
		{808DB716-7D29-4D4B-9172-BA2AB405B235}.Release|x64.ActiveCfg = Release|Any CPU
		{808DB716-7D29-4D4B-9172-BA2AB405B235}.Release|x64.Build.0 = Release|Any CPU
		{808DB716-7D29-4D4B-9172-BA2AB405B235}.Release|x86.ActiveCfg = Release|Any CPU
		{808DB716-7D29-4D4B-9172-BA2AB405B235}.Release|x86.Build.0 = Release|Any CPU
		{A85F52A0-C2B1-4FA1-9035-BD4B36ADAF19}.Debug|Any CPU.ActiveCfg = Debug|Any CPU
		{A85F52A0-C2B1-4FA1-9035-BD4B36ADAF19}.Debug|Any CPU.Build.0 = Debug|Any CPU
		{A85F52A0-C2B1-4FA1-9035-BD4B36ADAF19}.Debug|x64.ActiveCfg = Debug|Any CPU
		{A85F52A0-C2B1-4FA1-9035-BD4B36ADAF19}.Debug|x64.Build.0 = Debug|Any CPU
		{A85F52A0-C2B1-4FA1-9035-BD4B36ADAF19}.Debug|x86.ActiveCfg = Debug|Any CPU
		{A85F52A0-C2B1-4FA1-9035-BD4B36ADAF19}.Debug|x86.Build.0 = Debug|Any CPU
		{A85F52A0-C2B1-4FA1-9035-BD4B36ADAF19}.Release|Any CPU.ActiveCfg = Release|Any CPU
		{A85F52A0-C2B1-4FA1-9035-BD4B36ADAF19}.Release|Any CPU.Build.0 = Release|Any CPU
		{A85F52A0-C2B1-4FA1-9035-BD4B36ADAF19}.Release|x64.ActiveCfg = Release|Any CPU
		{A85F52A0-C2B1-4FA1-9035-BD4B36ADAF19}.Release|x64.Build.0 = Release|Any CPU
		{A85F52A0-C2B1-4FA1-9035-BD4B36ADAF19}.Release|x86.ActiveCfg = Release|Any CPU
		{A85F52A0-C2B1-4FA1-9035-BD4B36ADAF19}.Release|x86.Build.0 = Release|Any CPU
		{2C53F672-76A3-4E44-81A7-574ACA86DA95}.Debug|Any CPU.ActiveCfg = Debug|Any CPU
		{2C53F672-76A3-4E44-81A7-574ACA86DA95}.Debug|Any CPU.Build.0 = Debug|Any CPU
		{2C53F672-76A3-4E44-81A7-574ACA86DA95}.Debug|x64.ActiveCfg = Debug|Any CPU
		{2C53F672-76A3-4E44-81A7-574ACA86DA95}.Debug|x64.Build.0 = Debug|Any CPU
		{2C53F672-76A3-4E44-81A7-574ACA86DA95}.Debug|x86.ActiveCfg = Debug|Any CPU
		{2C53F672-76A3-4E44-81A7-574ACA86DA95}.Debug|x86.Build.0 = Debug|Any CPU
		{2C53F672-76A3-4E44-81A7-574ACA86DA95}.Release|Any CPU.ActiveCfg = Release|Any CPU
		{2C53F672-76A3-4E44-81A7-574ACA86DA95}.Release|Any CPU.Build.0 = Release|Any CPU
		{2C53F672-76A3-4E44-81A7-574ACA86DA95}.Release|x64.ActiveCfg = Release|Any CPU
		{2C53F672-76A3-4E44-81A7-574ACA86DA95}.Release|x64.Build.0 = Release|Any CPU
		{2C53F672-76A3-4E44-81A7-574ACA86DA95}.Release|x86.ActiveCfg = Release|Any CPU
		{2C53F672-76A3-4E44-81A7-574ACA86DA95}.Release|x86.Build.0 = Release|Any CPU
		{EF259E47-D429-4766-A1F5-A70E171705E0}.Debug|Any CPU.ActiveCfg = Debug|Any CPU
		{EF259E47-D429-4766-A1F5-A70E171705E0}.Debug|Any CPU.Build.0 = Debug|Any CPU
		{EF259E47-D429-4766-A1F5-A70E171705E0}.Debug|x64.ActiveCfg = Debug|Any CPU
		{EF259E47-D429-4766-A1F5-A70E171705E0}.Debug|x64.Build.0 = Debug|Any CPU
		{EF259E47-D429-4766-A1F5-A70E171705E0}.Debug|x86.ActiveCfg = Debug|Any CPU
		{EF259E47-D429-4766-A1F5-A70E171705E0}.Debug|x86.Build.0 = Debug|Any CPU
		{EF259E47-D429-4766-A1F5-A70E171705E0}.Release|Any CPU.ActiveCfg = Release|Any CPU
		{EF259E47-D429-4766-A1F5-A70E171705E0}.Release|Any CPU.Build.0 = Release|Any CPU
		{EF259E47-D429-4766-A1F5-A70E171705E0}.Release|x64.ActiveCfg = Release|Any CPU
		{EF259E47-D429-4766-A1F5-A70E171705E0}.Release|x64.Build.0 = Release|Any CPU
		{EF259E47-D429-4766-A1F5-A70E171705E0}.Release|x86.ActiveCfg = Release|Any CPU
		{EF259E47-D429-4766-A1F5-A70E171705E0}.Release|x86.Build.0 = Release|Any CPU
	EndGlobalSection
	GlobalSection(SolutionProperties) = preSolution
		HideSolutionNode = FALSE
	EndGlobalSection
	GlobalSection(NestedProjects) = preSolution
		{8D0B2414-6234-4FD1-BAE2-8C56D5361716} = {827E0CD3-B72D-47B6-A68D-7590B98EB39B}
		{808DB716-7D29-4D4B-9172-BA2AB405B235} = {827E0CD3-B72D-47B6-A68D-7590B98EB39B}
		{A85F52A0-C2B1-4FA1-9035-BD4B36ADAF19} = {827E0CD3-B72D-47B6-A68D-7590B98EB39B}
		{2C53F672-76A3-4E44-81A7-574ACA86DA95} = {827E0CD3-B72D-47B6-A68D-7590B98EB39B}
		{EF259E47-D429-4766-A1F5-A70E171705E0} = {827E0CD3-B72D-47B6-A68D-7590B98EB39B}
	EndGlobalSection
EndGlobal
