
Microsoft Visual Studio Solution File, Format Version 12.00
# Visual Studio Version 17
VisualStudioVersion = 17.0.31903.59
MinimumVisualStudioVersion = 10.0.40219.1
Project("{2150E333-8FDC-42A3-9474-1A3956D46DE8}") = "src", "src", "{827E0CD3-B72D-47B6-A68D-7590B98EB39B}"
EndProject
Project("{FAE04EC0-301F-11D3-BF4B-00C04F79EFBC}") = "MasterPassport.Domain", "src\MasterPassport.Domain\MasterPassport.Domain.csproj", "{7396BD31-D77C-41D6-AB04-C17132234D45}"
EndProject
Project("{FAE04EC0-301F-11D3-BF4B-00C04F79EFBC}") = "MasterPassport.Application", "src\MasterPassport.Application\MasterPassport.Application.csproj", "{64A9DBA6-FDF3-49A1-B1FC-0291C15321DC}"
EndProject
Project("{FAE04EC0-301F-11D3-BF4B-00C04F79EFBC}") = "MasterPassport.Infrastructure", "src\MasterPassport.Infrastructure\MasterPassport.Infrastructure.csproj", "{85C94696-CF55-49FF-9BF0-37A396292C81}"
EndProject
Project("{FAE04EC0-301F-11D3-BF4B-00C04F79EFBC}") = "MasterPassport.WebAPI", "src\MasterPassport.WebAPI\MasterPassport.WebAPI.csproj", "{01250808-4AFE-4129-B5D8-E4354E389629}"
EndProject
Project("{FAE04EC0-301F-11D3-BF4B-00C04F79EFBC}") = "MasterPassport.WebMVC", "src\MasterPassport.WebMVC\MasterPassport.WebMVC.csproj", "{AED0F601-E65A-4938-B176-68331B633E70}"
EndProject
Global
	GlobalSection(SolutionConfigurationPlatforms) = preSolution
		Debug|Any CPU = Debug|Any CPU
		Debug|x64 = Debug|x64
		Debug|x86 = Debug|x86
		Release|Any CPU = Release|Any CPU
		Release|x64 = Release|x64
		Release|x86 = Release|x86
	EndGlobalSection
	GlobalSection(ProjectConfigurationPlatforms) = postSolution
		{7396BD31-D77C-41D6-AB04-C17132234D45}.Debug|Any CPU.ActiveCfg = Debug|Any CPU
		{7396BD31-D77C-41D6-AB04-C17132234D45}.Debug|Any CPU.Build.0 = Debug|Any CPU
		{7396BD31-D77C-41D6-AB04-C17132234D45}.Debug|x64.ActiveCfg = Debug|Any CPU
		{7396BD31-D77C-41D6-AB04-C17132234D45}.Debug|x64.Build.0 = Debug|Any CPU
		{7396BD31-D77C-41D6-AB04-C17132234D45}.Debug|x86.ActiveCfg = Debug|Any CPU
		{7396BD31-D77C-41D6-AB04-C17132234D45}.Debug|x86.Build.0 = Debug|Any CPU
		{7396BD31-D77C-41D6-AB04-C17132234D45}.Release|Any CPU.ActiveCfg = Release|Any CPU
		{7396BD31-D77C-41D6-AB04-C17132234D45}.Release|Any CPU.Build.0 = Release|Any CPU
		{7396BD31-D77C-41D6-AB04-C17132234D45}.Release|x64.ActiveCfg = Release|Any CPU
		{7396BD31-D77C-41D6-AB04-C17132234D45}.Release|x64.Build.0 = Release|Any CPU
		{7396BD31-D77C-41D6-AB04-C17132234D45}.Release|x86.ActiveCfg = Release|Any CPU
		{7396BD31-D77C-41D6-AB04-C17132234D45}.Release|x86.Build.0 = Release|Any CPU
		{64A9DBA6-FDF3-49A1-B1FC-0291C15321DC}.Debug|Any CPU.ActiveCfg = Debug|Any CPU
		{64A9DBA6-FDF3-49A1-B1FC-0291C15321DC}.Debug|Any CPU.Build.0 = Debug|Any CPU
		{64A9DBA6-FDF3-49A1-B1FC-0291C15321DC}.Debug|x64.ActiveCfg = Debug|Any CPU
		{64A9DBA6-FDF3-49A1-B1FC-0291C15321DC}.Debug|x64.Build.0 = Debug|Any CPU
		{64A9DBA6-FDF3-49A1-B1FC-0291C15321DC}.Debug|x86.ActiveCfg = Debug|Any CPU
		{64A9DBA6-FDF3-49A1-B1FC-0291C15321DC}.Debug|x86.Build.0 = Debug|Any CPU
		{64A9DBA6-FDF3-49A1-B1FC-0291C15321DC}.Release|Any CPU.ActiveCfg = Release|Any CPU
		{64A9DBA6-FDF3-49A1-B1FC-0291C15321DC}.Release|Any CPU.Build.0 = Release|Any CPU
		{64A9DBA6-FDF3-49A1-B1FC-0291C15321DC}.Release|x64.ActiveCfg = Release|Any CPU
		{64A9DBA6-FDF3-49A1-B1FC-0291C15321DC}.Release|x64.Build.0 = Release|Any CPU
		{64A9DBA6-FDF3-49A1-B1FC-0291C15321DC}.Release|x86.ActiveCfg = Release|Any CPU
		{64A9DBA6-FDF3-49A1-B1FC-0291C15321DC}.Release|x86.Build.0 = Release|Any CPU
		{85C94696-CF55-49FF-9BF0-37A396292C81}.Debug|Any CPU.ActiveCfg = Debug|Any CPU
		{85C94696-CF55-49FF-9BF0-37A396292C81}.Debug|Any CPU.Build.0 = Debug|Any CPU
		{85C94696-CF55-49FF-9BF0-37A396292C81}.Debug|x64.ActiveCfg = Debug|Any CPU
		{85C94696-CF55-49FF-9BF0-37A396292C81}.Debug|x64.Build.0 = Debug|Any CPU
		{85C94696-CF55-49FF-9BF0-37A396292C81}.Debug|x86.ActiveCfg = Debug|Any CPU
		{85C94696-CF55-49FF-9BF0-37A396292C81}.Debug|x86.Build.0 = Debug|Any CPU
		{85C94696-CF55-49FF-9BF0-37A396292C81}.Release|Any CPU.ActiveCfg = Release|Any CPU
		{85C94696-CF55-49FF-9BF0-37A396292C81}.Release|Any CPU.Build.0 = Release|Any CPU
		{85C94696-CF55-49FF-9BF0-37A396292C81}.Release|x64.ActiveCfg = Release|Any CPU
		{85C94696-CF55-49FF-9BF0-37A396292C81}.Release|x64.Build.0 = Release|Any CPU
		{85C94696-CF55-49FF-9BF0-37A396292C81}.Release|x86.ActiveCfg = Release|Any CPU
		{85C94696-CF55-49FF-9BF0-37A396292C81}.Release|x86.Build.0 = Release|Any CPU
		{01250808-4AFE-4129-B5D8-E4354E389629}.Debug|Any CPU.ActiveCfg = Debug|Any CPU
		{01250808-4AFE-4129-B5D8-E4354E389629}.Debug|Any CPU.Build.0 = Debug|Any CPU
		{01250808-4AFE-4129-B5D8-E4354E389629}.Debug|x64.ActiveCfg = Debug|Any CPU
		{01250808-4AFE-4129-B5D8-E4354E389629}.Debug|x64.Build.0 = Debug|Any CPU
		{01250808-4AFE-4129-B5D8-E4354E389629}.Debug|x86.ActiveCfg = Debug|Any CPU
		{01250808-4AFE-4129-B5D8-E4354E389629}.Debug|x86.Build.0 = Debug|Any CPU
		{01250808-4AFE-4129-B5D8-E4354E389629}.Release|Any CPU.ActiveCfg = Release|Any CPU
		{01250808-4AFE-4129-B5D8-E4354E389629}.Release|Any CPU.Build.0 = Release|Any CPU
		{01250808-4AFE-4129-B5D8-E4354E389629}.Release|x64.ActiveCfg = Release|Any CPU
		{01250808-4AFE-4129-B5D8-E4354E389629}.Release|x64.Build.0 = Release|Any CPU
		{01250808-4AFE-4129-B5D8-E4354E389629}.Release|x86.ActiveCfg = Release|Any CPU
		{01250808-4AFE-4129-B5D8-E4354E389629}.Release|x86.Build.0 = Release|Any CPU
		{AED0F601-E65A-4938-B176-68331B633E70}.Debug|Any CPU.ActiveCfg = Debug|Any CPU
		{AED0F601-E65A-4938-B176-68331B633E70}.Debug|Any CPU.Build.0 = Debug|Any CPU
		{AED0F601-E65A-4938-B176-68331B633E70}.Debug|x64.ActiveCfg = Debug|Any CPU
		{AED0F601-E65A-4938-B176-68331B633E70}.Debug|x64.Build.0 = Debug|Any CPU
		{AED0F601-E65A-4938-B176-68331B633E70}.Debug|x86.ActiveCfg = Debug|Any CPU
		{AED0F601-E65A-4938-B176-68331B633E70}.Debug|x86.Build.0 = Debug|Any CPU
		{AED0F601-E65A-4938-B176-68331B633E70}.Release|Any CPU.ActiveCfg = Release|Any CPU
		{AED0F601-E65A-4938-B176-68331B633E70}.Release|Any CPU.Build.0 = Release|Any CPU
		{AED0F601-E65A-4938-B176-68331B633E70}.Release|x64.ActiveCfg = Release|Any CPU
		{AED0F601-E65A-4938-B176-68331B633E70}.Release|x64.Build.0 = Release|Any CPU
		{AED0F601-E65A-4938-B176-68331B633E70}.Release|x86.ActiveCfg = Release|Any CPU
		{AED0F601-E65A-4938-B176-68331B633E70}.Release|x86.Build.0 = Release|Any CPU
	EndGlobalSection
	GlobalSection(SolutionProperties) = preSolution
		HideSolutionNode = FALSE
	EndGlobalSection
	GlobalSection(NestedProjects) = preSolution
		{7396BD31-D77C-41D6-AB04-C17132234D45} = {827E0CD3-B72D-47B6-A68D-7590B98EB39B}
		{64A9DBA6-FDF3-49A1-B1FC-0291C15321DC} = {827E0CD3-B72D-47B6-A68D-7590B98EB39B}
		{85C94696-CF55-49FF-9BF0-37A396292C81} = {827E0CD3-B72D-47B6-A68D-7590B98EB39B}
		{01250808-4AFE-4129-B5D8-E4354E389629} = {827E0CD3-B72D-47B6-A68D-7590B98EB39B}
		{AED0F601-E65A-4938-B176-68331B633E70} = {827E0CD3-B72D-47B6-A68D-7590B98EB39B}
	EndGlobalSection
EndGlobal
