
Microsoft Visual Studio Solution File, Format Version 12.00
# Visual Studio Version 17
VisualStudioVersion = 17.0.31903.59
MinimumVisualStudioVersion = 10.0.40219.1
Project("{2150E333-8FDC-42A3-9474-1A3956D46DE8}") = "src", "src", "{827E0CD3-B72D-47B6-A68D-7590B98EB39B}"
EndProject
Project("{FAE04EC0-301F-11D3-BF4B-00C04F79EFBC}") = "MasterPassport.Domain", "src\MasterPassport.Domain\MasterPassport.Domain.csproj", "{353E52F4-7A70-43F9-A1E9-F40E3002C2EC}"
EndProject
Project("{FAE04EC0-301F-11D3-BF4B-00C04F79EFBC}") = "MasterPassport.Application", "src\MasterPassport.Application\MasterPassport.Application.csproj", "{0AA505A2-BC71-4419-9137-A14687E057AF}"
EndProject
Project("{FAE04EC0-301F-11D3-BF4B-00C04F79EFBC}") = "MasterPassport.Infrastructure", "src\MasterPassport.Infrastructure\MasterPassport.Infrastructure.csproj", "{A01E0553-DCC3-402C-8AA4-FFAA5FF871DE}"
EndProject
Project("{FAE04EC0-301F-11D3-BF4B-00C04F79EFBC}") = "MasterPassport.WebAPI", "src\MasterPassport.WebAPI\MasterPassport.WebAPI.csproj", "{14CD3A12-25BA-4C2C-8CEB-C0DB8BF67641}"
EndProject
Project("{FAE04EC0-301F-11D3-BF4B-00C04F79EFBC}") = "MasterPassport.WebMVC", "src\MasterPassport.WebMVC\MasterPassport.WebMVC.csproj", "{6BB4DBB4-409B-4B56-9861-37DF0E265DAD}"
EndProject
Global
	GlobalSection(SolutionConfigurationPlatforms) = preSolution
		Debug|Any CPU = Debug|Any CPU
		Debug|x64 = Debug|x64
		Debug|x86 = Debug|x86
		Release|Any CPU = Release|Any CPU
		Release|x64 = Release|x64
		Release|x86 = Release|x86
	EndGlobalSection
	GlobalSection(ProjectConfigurationPlatforms) = postSolution
		{353E52F4-7A70-43F9-A1E9-F40E3002C2EC}.Debug|Any CPU.ActiveCfg = Debug|Any CPU
		{353E52F4-7A70-43F9-A1E9-F40E3002C2EC}.Debug|Any CPU.Build.0 = Debug|Any CPU
		{353E52F4-7A70-43F9-A1E9-F40E3002C2EC}.Debug|x64.ActiveCfg = Debug|Any CPU
		{353E52F4-7A70-43F9-A1E9-F40E3002C2EC}.Debug|x64.Build.0 = Debug|Any CPU
		{353E52F4-7A70-43F9-A1E9-F40E3002C2EC}.Debug|x86.ActiveCfg = Debug|Any CPU
		{353E52F4-7A70-43F9-A1E9-F40E3002C2EC}.Debug|x86.Build.0 = Debug|Any CPU
		{353E52F4-7A70-43F9-A1E9-F40E3002C2EC}.Release|Any CPU.ActiveCfg = Release|Any CPU
		{353E52F4-7A70-43F9-A1E9-F40E3002C2EC}.Release|Any CPU.Build.0 = Release|Any CPU
		{353E52F4-7A70-43F9-A1E9-F40E3002C2EC}.Release|x64.ActiveCfg = Release|Any CPU
		{353E52F4-7A70-43F9-A1E9-F40E3002C2EC}.Release|x64.Build.0 = Release|Any CPU
		{353E52F4-7A70-43F9-A1E9-F40E3002C2EC}.Release|x86.ActiveCfg = Release|Any CPU
		{353E52F4-7A70-43F9-A1E9-F40E3002C2EC}.Release|x86.Build.0 = Release|Any CPU
		{0AA505A2-BC71-4419-9137-A14687E057AF}.Debug|Any CPU.ActiveCfg = Debug|Any CPU
		{0AA505A2-BC71-4419-9137-A14687E057AF}.Debug|Any CPU.Build.0 = Debug|Any CPU
		{0AA505A2-BC71-4419-9137-A14687E057AF}.Debug|x64.ActiveCfg = Debug|Any CPU
		{0AA505A2-BC71-4419-9137-A14687E057AF}.Debug|x64.Build.0 = Debug|Any CPU
		{0AA505A2-BC71-4419-9137-A14687E057AF}.Debug|x86.ActiveCfg = Debug|Any CPU
		{0AA505A2-BC71-4419-9137-A14687E057AF}.Debug|x86.Build.0 = Debug|Any CPU
		{0AA505A2-BC71-4419-9137-A14687E057AF}.Release|Any CPU.ActiveCfg = Release|Any CPU
		{0AA505A2-BC71-4419-9137-A14687E057AF}.Release|Any CPU.Build.0 = Release|Any CPU
		{0AA505A2-BC71-4419-9137-A14687E057AF}.Release|x64.ActiveCfg = Release|Any CPU
		{0AA505A2-BC71-4419-9137-A14687E057AF}.Release|x64.Build.0 = Release|Any CPU
		{0AA505A2-BC71-4419-9137-A14687E057AF}.Release|x86.ActiveCfg = Release|Any CPU
		{0AA505A2-BC71-4419-9137-A14687E057AF}.Release|x86.Build.0 = Release|Any CPU
		{A01E0553-DCC3-402C-8AA4-FFAA5FF871DE}.Debug|Any CPU.ActiveCfg = Debug|Any CPU
		{A01E0553-DCC3-402C-8AA4-FFAA5FF871DE}.Debug|Any CPU.Build.0 = Debug|Any CPU
		{A01E0553-DCC3-402C-8AA4-FFAA5FF871DE}.Debug|x64.ActiveCfg = Debug|Any CPU
		{A01E0553-DCC3-402C-8AA4-FFAA5FF871DE}.Debug|x64.Build.0 = Debug|Any CPU
		{A01E0553-DCC3-402C-8AA4-FFAA5FF871DE}.Debug|x86.ActiveCfg = Debug|Any CPU
		{A01E0553-DCC3-402C-8AA4-FFAA5FF871DE}.Debug|x86.Build.0 = Debug|Any CPU
		{A01E0553-DCC3-402C-8AA4-FFAA5FF871DE}.Release|Any CPU.ActiveCfg = Release|Any CPU
		{A01E0553-DCC3-402C-8AA4-FFAA5FF871DE}.Release|Any CPU.Build.0 = Release|Any CPU
		{A01E0553-DCC3-402C-8AA4-FFAA5FF871DE}.Release|x64.ActiveCfg = Release|Any CPU
		{A01E0553-DCC3-402C-8AA4-FFAA5FF871DE}.Release|x64.Build.0 = Release|Any CPU
		{A01E0553-DCC3-402C-8AA4-FFAA5FF871DE}.Release|x86.ActiveCfg = Release|Any CPU
		{A01E0553-DCC3-402C-8AA4-FFAA5FF871DE}.Release|x86.Build.0 = Release|Any CPU
		{14CD3A12-25BA-4C2C-8CEB-C0DB8BF67641}.Debug|Any CPU.ActiveCfg = Debug|Any CPU
		{14CD3A12-25BA-4C2C-8CEB-C0DB8BF67641}.Debug|Any CPU.Build.0 = Debug|Any CPU
		{14CD3A12-25BA-4C2C-8CEB-C0DB8BF67641}.Debug|x64.ActiveCfg = Debug|Any CPU
		{14CD3A12-25BA-4C2C-8CEB-C0DB8BF67641}.Debug|x64.Build.0 = Debug|Any CPU
		{14CD3A12-25BA-4C2C-8CEB-C0DB8BF67641}.Debug|x86.ActiveCfg = Debug|Any CPU
		{14CD3A12-25BA-4C2C-8CEB-C0DB8BF67641}.Debug|x86.Build.0 = Debug|Any CPU
		{14CD3A12-25BA-4C2C-8CEB-C0DB8BF67641}.Release|Any CPU.ActiveCfg = Release|Any CPU
		{14CD3A12-25BA-4C2C-8CEB-C0DB8BF67641}.Release|Any CPU.Build.0 = Release|Any CPU
		{14CD3A12-25BA-4C2C-8CEB-C0DB8BF67641}.Release|x64.ActiveCfg = Release|Any CPU
		{14CD3A12-25BA-4C2C-8CEB-C0DB8BF67641}.Release|x64.Build.0 = Release|Any CPU
		{14CD3A12-25BA-4C2C-8CEB-C0DB8BF67641}.Release|x86.ActiveCfg = Release|Any CPU
		{14CD3A12-25BA-4C2C-8CEB-C0DB8BF67641}.Release|x86.Build.0 = Release|Any CPU
		{6BB4DBB4-409B-4B56-9861-37DF0E265DAD}.Debug|Any CPU.ActiveCfg = Debug|Any CPU
		{6BB4DBB4-409B-4B56-9861-37DF0E265DAD}.Debug|Any CPU.Build.0 = Debug|Any CPU
		{6BB4DBB4-409B-4B56-9861-37DF0E265DAD}.Debug|x64.ActiveCfg = Debug|Any CPU
		{6BB4DBB4-409B-4B56-9861-37DF0E265DAD}.Debug|x64.Build.0 = Debug|Any CPU
		{6BB4DBB4-409B-4B56-9861-37DF0E265DAD}.Debug|x86.ActiveCfg = Debug|Any CPU
		{6BB4DBB4-409B-4B56-9861-37DF0E265DAD}.Debug|x86.Build.0 = Debug|Any CPU
		{6BB4DBB4-409B-4B56-9861-37DF0E265DAD}.Release|Any CPU.ActiveCfg = Release|Any CPU
		{6BB4DBB4-409B-4B56-9861-37DF0E265DAD}.Release|Any CPU.Build.0 = Release|Any CPU
		{6BB4DBB4-409B-4B56-9861-37DF0E265DAD}.Release|x64.ActiveCfg = Release|Any CPU
		{6BB4DBB4-409B-4B56-9861-37DF0E265DAD}.Release|x64.Build.0 = Release|Any CPU
		{6BB4DBB4-409B-4B56-9861-37DF0E265DAD}.Release|x86.ActiveCfg = Release|Any CPU
		{6BB4DBB4-409B-4B56-9861-37DF0E265DAD}.Release|x86.Build.0 = Release|Any CPU
	EndGlobalSection
	GlobalSection(SolutionProperties) = preSolution
		HideSolutionNode = FALSE
	EndGlobalSection
	GlobalSection(NestedProjects) = preSolution
		{353E52F4-7A70-43F9-A1E9-F40E3002C2EC} = {827E0CD3-B72D-47B6-A68D-7590B98EB39B}
		{0AA505A2-BC71-4419-9137-A14687E057AF} = {827E0CD3-B72D-47B6-A68D-7590B98EB39B}
		{A01E0553-DCC3-402C-8AA4-FFAA5FF871DE} = {827E0CD3-B72D-47B6-A68D-7590B98EB39B}
		{14CD3A12-25BA-4C2C-8CEB-C0DB8BF67641} = {827E0CD3-B72D-47B6-A68D-7590B98EB39B}
		{6BB4DBB4-409B-4B56-9861-37DF0E265DAD} = {827E0CD3-B72D-47B6-A68D-7590B98EB39B}
	EndGlobalSection
EndGlobal
